// !$*UTF8*$!
{
	archiveVersion = 1;
	classes = {
	};
	objectVersion = 51;
	objects = {

/* Begin PBXBuildFile section */
		0B1BC6D723890AB00020185F /* Api+Response.swift in Sources */ = {isa = PBXBuildFile; fileRef = 0B1BC6D623890AB00020185F /* Api+Response.swift */; };
		0B2D89D4238678E30006A6A6 /* AppError.swift in Sources */ = {isa = PBXBuildFile; fileRef = 0B2D89D3238678E30006A6A6 /* AppError.swift */; };
		0B2D89D6238679AE0006A6A6 /* AlertDelegate.swift in Sources */ = {isa = PBXBuildFile; fileRef = 0B2D89D5238679AE0006A6A6 /* AlertDelegate.swift */; };
		0B2D89D8238679F00006A6A6 /* MDCAlertDelegate.swift in Sources */ = {isa = PBXBuildFile; fileRef = 0B2D89D7238679F00006A6A6 /* MDCAlertDelegate.swift */; };
		0B2D89DA23867A410006A6A6 /* MDCSnackbarMessageDelegate.swift in Sources */ = {isa = PBXBuildFile; fileRef = 0B2D89D923867A410006A6A6 /* MDCSnackbarMessageDelegate.swift */; };
		0B2D89DC23867A7D0006A6A6 /* ActionSheetDelegate.swift in Sources */ = {isa = PBXBuildFile; fileRef = 0B2D89DB23867A7D0006A6A6 /* ActionSheetDelegate.swift */; };
		0B2D89DE23867AF40006A6A6 /* MDCButton+Extension.swift in Sources */ = {isa = PBXBuildFile; fileRef = 0B2D89DD23867AF40006A6A6 /* MDCButton+Extension.swift */; };
		0B2D89E023867BA60006A6A6 /* ViewApplicable.swift in Sources */ = {isa = PBXBuildFile; fileRef = 0B2D89DF23867BA60006A6A6 /* ViewApplicable.swift */; };
		0B2D89E223867CD90006A6A6 /* ServiceViewCell.swift in Sources */ = {isa = PBXBuildFile; fileRef = 0B2D89E123867CD90006A6A6 /* ServiceViewCell.swift */; };
		0B2D89E423867D450006A6A6 /* UIFactory.swift in Sources */ = {isa = PBXBuildFile; fileRef = 0B2D89E323867D450006A6A6 /* UIFactory.swift */; };
		0B2D89E623867D780006A6A6 /* CardView.swift in Sources */ = {isa = PBXBuildFile; fileRef = 0B2D89E523867D780006A6A6 /* CardView.swift */; };
		0B2D89E823867E850006A6A6 /* CGSize+Extension.swift in Sources */ = {isa = PBXBuildFile; fileRef = 0B2D89E723867E850006A6A6 /* CGSize+Extension.swift */; };
		0B2D89EA23867EB00006A6A6 /* String+Extension.swift in Sources */ = {isa = PBXBuildFile; fileRef = 0B2D89E923867EB00006A6A6 /* String+Extension.swift */; };
		0B2D89ED23867F270006A6A6 /* BookingSummaryVC.swift in Sources */ = {isa = PBXBuildFile; fileRef = 0B2D89EC23867F270006A6A6 /* BookingSummaryVC.swift */; };
		0B2D89EF23867F520006A6A6 /* BookingResultVC.swift in Sources */ = {isa = PBXBuildFile; fileRef = 0B2D89EE23867F520006A6A6 /* BookingResultVC.swift */; };
		0B2D89F123867F7D0006A6A6 /* BookingStatusLiveVC.swift in Sources */ = {isa = PBXBuildFile; fileRef = 0B2D89F023867F7D0006A6A6 /* BookingStatusLiveVC.swift */; };
		0B2D89F323867FAD0006A6A6 /* BookingStatusMapVC.swift in Sources */ = {isa = PBXBuildFile; fileRef = 0B2D89F223867FAD0006A6A6 /* BookingStatusMapVC.swift */; };
		0B2D89F52386801A0006A6A6 /* BookingDetail.swift in Sources */ = {isa = PBXBuildFile; fileRef = 0B2D89F42386801A0006A6A6 /* BookingDetail.swift */; };
		0B2D89F72386804A0006A6A6 /* BookingFilterVC.swift in Sources */ = {isa = PBXBuildFile; fileRef = 0B2D89F62386804A0006A6A6 /* BookingFilterVC.swift */; };
		0B2D89F9238680790006A6A6 /* BookingFilterResultVC.swift in Sources */ = {isa = PBXBuildFile; fileRef = 0B2D89F8238680790006A6A6 /* BookingFilterResultVC.swift */; };
		0B2D89FB238680AD0006A6A6 /* BookingFormCalendarVC.swift in Sources */ = {isa = PBXBuildFile; fileRef = 0B2D89FA238680AD0006A6A6 /* BookingFormCalendarVC.swift */; };
		0B2D89FD238680D10006A6A6 /* BookingFormGuestVC.swift in Sources */ = {isa = PBXBuildFile; fileRef = 0B2D89FC238680D10006A6A6 /* BookingFormGuestVC.swift */; };
		0B2D89FF238680FF0006A6A6 /* BookingFormVC.swift in Sources */ = {isa = PBXBuildFile; fileRef = 0B2D89FE238680FF0006A6A6 /* BookingFormVC.swift */; };
		0B2D8A01238681370006A6A6 /* BookingStatusVC.swift in Sources */ = {isa = PBXBuildFile; fileRef = 0B2D8A00238681370006A6A6 /* BookingStatusVC.swift */; };
		0B509F8A237FF4A600AD7D44 /* AppDelegate.swift in Sources */ = {isa = PBXBuildFile; fileRef = 0B509F89237FF4A600AD7D44 /* AppDelegate.swift */; };
		0B509F8C237FF4A600AD7D44 /* SceneDelegate.swift in Sources */ = {isa = PBXBuildFile; fileRef = 0B509F8B237FF4A600AD7D44 /* SceneDelegate.swift */; };
		0B509F8E237FF4A600AD7D44 /* ViewController.swift in Sources */ = {isa = PBXBuildFile; fileRef = 0B509F8D237FF4A600AD7D44 /* ViewController.swift */; };
		0B509F91237FF4A600AD7D44 /* Main.storyboard in Resources */ = {isa = PBXBuildFile; fileRef = 0B509F8F237FF4A600AD7D44 /* Main.storyboard */; };
		0B509F93237FF4A700AD7D44 /* Assets.xcassets in Resources */ = {isa = PBXBuildFile; fileRef = 0B509F92237FF4A700AD7D44 /* Assets.xcassets */; };
		0B509F96237FF4A700AD7D44 /* LaunchScreen.storyboard in Resources */ = {isa = PBXBuildFile; fileRef = 0B509F94237FF4A700AD7D44 /* LaunchScreen.storyboard */; };
		0B509F9E2380026800AD7D44 /* README.md in Resources */ = {isa = PBXBuildFile; fileRef = 0B509F9D2380026800AD7D44 /* README.md */; };
		0B509FA12380050F00AD7D44 /* HomeBottomNavigationBarController.swift in Sources */ = {isa = PBXBuildFile; fileRef = 0B509FA02380050F00AD7D44 /* HomeBottomNavigationBarController.swift */; };
		0B509FA42380056300AD7D44 /* UIViewController+Extension.swift in Sources */ = {isa = PBXBuildFile; fileRef = 0B509FA32380056300AD7D44 /* UIViewController+Extension.swift */; };
		0B509FAA238007C300AD7D44 /* ActivityVC.swift in Sources */ = {isa = PBXBuildFile; fileRef = 0B509FA9238007C300AD7D44 /* ActivityVC.swift */; };
		0B509FAC238007D200AD7D44 /* ProfileVC.swift in Sources */ = {isa = PBXBuildFile; fileRef = 0B509FAB238007D200AD7D44 /* ProfileVC.swift */; };
		0B509FAE2380098100AD7D44 /* UICollectionView.swift in Sources */ = {isa = PBXBuildFile; fileRef = 0B509FAD2380098000AD7D44 /* UICollectionView.swift */; };
		0B509FB0238009E000AD7D44 /* UIScrollView+Extension.swift in Sources */ = {isa = PBXBuildFile; fileRef = 0B509FAF238009E000AD7D44 /* UIScrollView+Extension.swift */; };
		0B509FB323800A1A00AD7D44 /* LoadingView.swift in Sources */ = {isa = PBXBuildFile; fileRef = 0B509FB223800A1A00AD7D44 /* LoadingView.swift */; };
		0B509FB723800AE900AD7D44 /* UIResponder+MDC.swift in Sources */ = {isa = PBXBuildFile; fileRef = 0B509FB623800AE900AD7D44 /* UIResponder+MDC.swift */; };
		0B509FB923800AFD00AD7D44 /* MDCTheme.swift in Sources */ = {isa = PBXBuildFile; fileRef = 0B509FB823800AFD00AD7D44 /* MDCTheme.swift */; };
		0B509FBB23800B5A00AD7D44 /* MDCConstant.swift in Sources */ = {isa = PBXBuildFile; fileRef = 0B509FBA23800B5A00AD7D44 /* MDCConstant.swift */; };
		0B509FBD23800B7900AD7D44 /* UIConstant.swift in Sources */ = {isa = PBXBuildFile; fileRef = 0B509FBC23800B7900AD7D44 /* UIConstant.swift */; };
		0B509FBF23800B9600AD7D44 /* ListReusableView.swift in Sources */ = {isa = PBXBuildFile; fileRef = 0B509FBE23800B9600AD7D44 /* ListReusableView.swift */; };
		0B509FC123800BA600AD7D44 /* ListViewCell.swift in Sources */ = {isa = PBXBuildFile; fileRef = 0B509FC023800BA600AD7D44 /* ListViewCell.swift */; };
		0B509FC323800BB500AD7D44 /* ShadowedView.swift in Sources */ = {isa = PBXBuildFile; fileRef = 0B509FC223800BB500AD7D44 /* ShadowedView.swift */; };
		0B6C57AE23813D6D00C73D58 /* ListVC.swift in Sources */ = {isa = PBXBuildFile; fileRef = 0B6C57AD23813D6D00C73D58 /* ListVC.swift */; };
		0B6C57B023813EC700C73D58 /* ListDataSource.swift in Sources */ = {isa = PBXBuildFile; fileRef = 0B6C57AF23813EC700C73D58 /* ListDataSource.swift */; };
		0B6C57B123813FA800C73D58 /* ServiceVC.swift in Sources */ = {isa = PBXBuildFile; fileRef = 0B509FA5238007AF00AD7D44 /* ServiceVC.swift */; };
		0B6C57B32381420000C73D58 /* GuestDetailView.swift in Sources */ = {isa = PBXBuildFile; fileRef = 0B6C57B22381420000C73D58 /* GuestDetailView.swift */; };
		0B6C57B5238156B900C73D58 /* ServiceDetailVC.swift in Sources */ = {isa = PBXBuildFile; fileRef = 0B6C57B4238156B900C73D58 /* ServiceDetailVC.swift */; };
		0B6C57B7238165E000C73D58 /* BookingVC.swift in Sources */ = {isa = PBXBuildFile; fileRef = 0B6C57B6238165E000C73D58 /* BookingVC.swift */; };
		1E66036EE7EAE29DFDBCE864 /* Pods_boxbox.framework in Frameworks */ = {isa = PBXBuildFile; fileRef = D3EADC77D0AFBED0DF344D08 /* Pods_boxbox.framework */; };
/* End PBXBuildFile section */

/* Begin PBXFileReference section */
		0B1BC6D623890AB00020185F /* Api+Response.swift */ = {isa = PBXFileReference; fileEncoding = 4; lastKnownFileType = sourcecode.swift; path = "Api+Response.swift"; sourceTree = "<group>"; };
		0B2D89D3238678E30006A6A6 /* AppError.swift */ = {isa = PBXFileReference; lastKnownFileType = sourcecode.swift; path = AppError.swift; sourceTree = "<group>"; };
		0B2D89D5238679AE0006A6A6 /* AlertDelegate.swift */ = {isa = PBXFileReference; lastKnownFileType = sourcecode.swift; path = AlertDelegate.swift; sourceTree = "<group>"; };
		0B2D89D7238679F00006A6A6 /* MDCAlertDelegate.swift */ = {isa = PBXFileReference; lastKnownFileType = sourcecode.swift; path = MDCAlertDelegate.swift; sourceTree = "<group>"; };
		0B2D89D923867A410006A6A6 /* MDCSnackbarMessageDelegate.swift */ = {isa = PBXFileReference; lastKnownFileType = sourcecode.swift; path = MDCSnackbarMessageDelegate.swift; sourceTree = "<group>"; };
		0B2D89DB23867A7D0006A6A6 /* ActionSheetDelegate.swift */ = {isa = PBXFileReference; lastKnownFileType = sourcecode.swift; path = ActionSheetDelegate.swift; sourceTree = "<group>"; };
		0B2D89DD23867AF40006A6A6 /* MDCButton+Extension.swift */ = {isa = PBXFileReference; lastKnownFileType = sourcecode.swift; path = "MDCButton+Extension.swift"; sourceTree = "<group>"; };
		0B2D89DF23867BA60006A6A6 /* ViewApplicable.swift */ = {isa = PBXFileReference; lastKnownFileType = sourcecode.swift; path = ViewApplicable.swift; sourceTree = "<group>"; };
		0B2D89E123867CD90006A6A6 /* ServiceViewCell.swift */ = {isa = PBXFileReference; lastKnownFileType = sourcecode.swift; path = ServiceViewCell.swift; sourceTree = "<group>"; };
		0B2D89E323867D450006A6A6 /* UIFactory.swift */ = {isa = PBXFileReference; lastKnownFileType = sourcecode.swift; path = UIFactory.swift; sourceTree = "<group>"; };
		0B2D89E523867D780006A6A6 /* CardView.swift */ = {isa = PBXFileReference; lastKnownFileType = sourcecode.swift; path = CardView.swift; sourceTree = "<group>"; };
		0B2D89E723867E850006A6A6 /* CGSize+Extension.swift */ = {isa = PBXFileReference; lastKnownFileType = sourcecode.swift; path = "CGSize+Extension.swift"; sourceTree = "<group>"; };
		0B2D89E923867EB00006A6A6 /* String+Extension.swift */ = {isa = PBXFileReference; lastKnownFileType = sourcecode.swift; path = "String+Extension.swift"; sourceTree = "<group>"; };
		0B2D89EC23867F270006A6A6 /* BookingSummaryVC.swift */ = {isa = PBXFileReference; lastKnownFileType = sourcecode.swift; path = BookingSummaryVC.swift; sourceTree = "<group>"; };
		0B2D89EE23867F520006A6A6 /* BookingResultVC.swift */ = {isa = PBXFileReference; lastKnownFileType = sourcecode.swift; path = BookingResultVC.swift; sourceTree = "<group>"; };
		0B2D89F023867F7D0006A6A6 /* BookingStatusLiveVC.swift */ = {isa = PBXFileReference; lastKnownFileType = sourcecode.swift; path = BookingStatusLiveVC.swift; sourceTree = "<group>"; };
		0B2D89F223867FAD0006A6A6 /* BookingStatusMapVC.swift */ = {isa = PBXFileReference; lastKnownFileType = sourcecode.swift; path = BookingStatusMapVC.swift; sourceTree = "<group>"; };
		0B2D89F42386801A0006A6A6 /* BookingDetail.swift */ = {isa = PBXFileReference; lastKnownFileType = sourcecode.swift; path = BookingDetail.swift; sourceTree = "<group>"; };
		0B2D89F62386804A0006A6A6 /* BookingFilterVC.swift */ = {isa = PBXFileReference; lastKnownFileType = sourcecode.swift; path = BookingFilterVC.swift; sourceTree = "<group>"; };
		0B2D89F8238680790006A6A6 /* BookingFilterResultVC.swift */ = {isa = PBXFileReference; lastKnownFileType = sourcecode.swift; path = BookingFilterResultVC.swift; sourceTree = "<group>"; };
		0B2D89FA238680AD0006A6A6 /* BookingFormCalendarVC.swift */ = {isa = PBXFileReference; lastKnownFileType = sourcecode.swift; path = BookingFormCalendarVC.swift; sourceTree = "<group>"; };
		0B2D89FC238680D10006A6A6 /* BookingFormGuestVC.swift */ = {isa = PBXFileReference; lastKnownFileType = sourcecode.swift; path = BookingFormGuestVC.swift; sourceTree = "<group>"; };
		0B2D89FE238680FF0006A6A6 /* BookingFormVC.swift */ = {isa = PBXFileReference; lastKnownFileType = sourcecode.swift; path = BookingFormVC.swift; sourceTree = "<group>"; };
		0B2D8A00238681370006A6A6 /* BookingStatusVC.swift */ = {isa = PBXFileReference; lastKnownFileType = sourcecode.swift; path = BookingStatusVC.swift; sourceTree = "<group>"; };
		0B509F86237FF4A600AD7D44 /* boxbox.app */ = {isa = PBXFileReference; explicitFileType = wrapper.application; includeInIndex = 0; path = boxbox.app; sourceTree = BUILT_PRODUCTS_DIR; };
		0B509F89237FF4A600AD7D44 /* AppDelegate.swift */ = {isa = PBXFileReference; lastKnownFileType = sourcecode.swift; path = AppDelegate.swift; sourceTree = "<group>"; };
		0B509F8B237FF4A600AD7D44 /* SceneDelegate.swift */ = {isa = PBXFileReference; lastKnownFileType = sourcecode.swift; path = SceneDelegate.swift; sourceTree = "<group>"; };
		0B509F8D237FF4A600AD7D44 /* ViewController.swift */ = {isa = PBXFileReference; lastKnownFileType = sourcecode.swift; path = ViewController.swift; sourceTree = "<group>"; };
		0B509F90237FF4A600AD7D44 /* Base */ = {isa = PBXFileReference; lastKnownFileType = file.storyboard; name = Base; path = Base.lproj/Main.storyboard; sourceTree = "<group>"; };
		0B509F92237FF4A700AD7D44 /* Assets.xcassets */ = {isa = PBXFileReference; lastKnownFileType = folder.assetcatalog; path = Assets.xcassets; sourceTree = "<group>"; };
		0B509F95237FF4A700AD7D44 /* Base */ = {isa = PBXFileReference; lastKnownFileType = file.storyboard; name = Base; path = Base.lproj/LaunchScreen.storyboard; sourceTree = "<group>"; };
		0B509F97237FF4A700AD7D44 /* Info.plist */ = {isa = PBXFileReference; lastKnownFileType = text.plist.xml; path = Info.plist; sourceTree = "<group>"; };
		0B509F9D2380026800AD7D44 /* README.md */ = {isa = PBXFileReference; fileEncoding = 4; lastKnownFileType = net.daringfireball.markdown; name = README.md; path = "../../Labs/thesis-ios-cotton-dog/README.md"; sourceTree = "<group>"; };
		0B509FA02380050F00AD7D44 /* HomeBottomNavigationBarController.swift */ = {isa = PBXFileReference; lastKnownFileType = sourcecode.swift; path = HomeBottomNavigationBarController.swift; sourceTree = "<group>"; };
		0B509FA32380056300AD7D44 /* UIViewController+Extension.swift */ = {isa = PBXFileReference; lastKnownFileType = sourcecode.swift; path = "UIViewController+Extension.swift"; sourceTree = "<group>"; };
		0B509FA5238007AF00AD7D44 /* ServiceVC.swift */ = {isa = PBXFileReference; lastKnownFileType = sourcecode.swift; path = ServiceVC.swift; sourceTree = "<group>"; };
		0B509FA9238007C300AD7D44 /* ActivityVC.swift */ = {isa = PBXFileReference; lastKnownFileType = sourcecode.swift; path = ActivityVC.swift; sourceTree = "<group>"; };
		0B509FAB238007D200AD7D44 /* ProfileVC.swift */ = {isa = PBXFileReference; lastKnownFileType = sourcecode.swift; path = ProfileVC.swift; sourceTree = "<group>"; };
		0B509FAD2380098000AD7D44 /* UICollectionView.swift */ = {isa = PBXFileReference; lastKnownFileType = sourcecode.swift; path = UICollectionView.swift; sourceTree = "<group>"; };
		0B509FAF238009E000AD7D44 /* UIScrollView+Extension.swift */ = {isa = PBXFileReference; lastKnownFileType = sourcecode.swift; path = "UIScrollView+Extension.swift"; sourceTree = "<group>"; };
		0B509FB223800A1A00AD7D44 /* LoadingView.swift */ = {isa = PBXFileReference; lastKnownFileType = sourcecode.swift; path = LoadingView.swift; sourceTree = "<group>"; };
		0B509FB623800AE900AD7D44 /* UIResponder+MDC.swift */ = {isa = PBXFileReference; lastKnownFileType = sourcecode.swift; path = "UIResponder+MDC.swift"; sourceTree = "<group>"; };
		0B509FB823800AFD00AD7D44 /* MDCTheme.swift */ = {isa = PBXFileReference; lastKnownFileType = sourcecode.swift; path = MDCTheme.swift; sourceTree = "<group>"; };
		0B509FBA23800B5A00AD7D44 /* MDCConstant.swift */ = {isa = PBXFileReference; lastKnownFileType = sourcecode.swift; path = MDCConstant.swift; sourceTree = "<group>"; };
		0B509FBC23800B7900AD7D44 /* UIConstant.swift */ = {isa = PBXFileReference; lastKnownFileType = sourcecode.swift; path = UIConstant.swift; sourceTree = "<group>"; };
		0B509FBE23800B9600AD7D44 /* ListReusableView.swift */ = {isa = PBXFileReference; lastKnownFileType = sourcecode.swift; path = ListReusableView.swift; sourceTree = "<group>"; };
		0B509FC023800BA600AD7D44 /* ListViewCell.swift */ = {isa = PBXFileReference; lastKnownFileType = sourcecode.swift; path = ListViewCell.swift; sourceTree = "<group>"; };
		0B509FC223800BB500AD7D44 /* ShadowedView.swift */ = {isa = PBXFileReference; lastKnownFileType = sourcecode.swift; path = ShadowedView.swift; sourceTree = "<group>"; };
		0B6C57AD23813D6D00C73D58 /* ListVC.swift */ = {isa = PBXFileReference; lastKnownFileType = sourcecode.swift; path = ListVC.swift; sourceTree = "<group>"; };
		0B6C57AF23813EC700C73D58 /* ListDataSource.swift */ = {isa = PBXFileReference; lastKnownFileType = sourcecode.swift; path = ListDataSource.swift; sourceTree = "<group>"; };
		0B6C57B22381420000C73D58 /* GuestDetailView.swift */ = {isa = PBXFileReference; lastKnownFileType = sourcecode.swift; path = GuestDetailView.swift; sourceTree = "<group>"; };
		0B6C57B4238156B900C73D58 /* ServiceDetailVC.swift */ = {isa = PBXFileReference; lastKnownFileType = sourcecode.swift; path = ServiceDetailVC.swift; sourceTree = "<group>"; };
		0B6C57B6238165E000C73D58 /* BookingVC.swift */ = {isa = PBXFileReference; lastKnownFileType = sourcecode.swift; path = BookingVC.swift; sourceTree = "<group>"; };
		7A1CBCEEB6DA62FF5907CA75 /* Pods-boxbox.release.xcconfig */ = {isa = PBXFileReference; includeInIndex = 1; lastKnownFileType = text.xcconfig; name = "Pods-boxbox.release.xcconfig"; path = "Target Support Files/Pods-boxbox/Pods-boxbox.release.xcconfig"; sourceTree = "<group>"; };
		BC280B59B79A41D96A8C8349 /* Pods-boxbox.debug.xcconfig */ = {isa = PBXFileReference; includeInIndex = 1; lastKnownFileType = text.xcconfig; name = "Pods-boxbox.debug.xcconfig"; path = "Target Support Files/Pods-boxbox/Pods-boxbox.debug.xcconfig"; sourceTree = "<group>"; };
		D3EADC77D0AFBED0DF344D08 /* Pods_boxbox.framework */ = {isa = PBXFileReference; explicitFileType = wrapper.framework; includeInIndex = 0; path = Pods_boxbox.framework; sourceTree = BUILT_PRODUCTS_DIR; };
/* End PBXFileReference section */

/* Begin PBXFrameworksBuildPhase section */
		0B509F83237FF4A600AD7D44 /* Frameworks */ = {
			isa = PBXFrameworksBuildPhase;
			buildActionMask = 2147483647;
			files = (
				1E66036EE7EAE29DFDBCE864 /* Pods_boxbox.framework in Frameworks */,
			);
			runOnlyForDeploymentPostprocessing = 0;
		};
/* End PBXFrameworksBuildPhase section */

/* Begin PBXGroup section */
		0B1BC6D523890A6D0020185F /* data */ = {
			isa = PBXGroup;
			children = (
				0B1BC6D623890AB00020185F /* Api+Response.swift */,
			);
			path = data;
			sourceTree = "<group>";
		};
		0B2D89D1238678A50006A6A6 /* app */ = {
			isa = PBXGroup;
			children = (
				0B2D89D3238678E30006A6A6 /* AppError.swift */,
			);
			path = app;
			sourceTree = "<group>";
		};
		0B2D89D2238678AF0006A6A6 /* alert */ = {
			isa = PBXGroup;
			children = (
				0B2D89D5238679AE0006A6A6 /* AlertDelegate.swift */,
				0B2D89D7238679F00006A6A6 /* MDCAlertDelegate.swift */,
				0B2D89D923867A410006A6A6 /* MDCSnackbarMessageDelegate.swift */,
				0B2D89DB23867A7D0006A6A6 /* ActionSheetDelegate.swift */,
			);
			path = alert;
			sourceTree = "<group>";
		};
		0B2D89EB23867EFF0006A6A6 /* unactive */ = {
			isa = PBXGroup;
			children = (
				0B2D89EC23867F270006A6A6 /* BookingSummaryVC.swift */,
				0B2D89EE23867F520006A6A6 /* BookingResultVC.swift */,
				0B2D89F023867F7D0006A6A6 /* BookingStatusLiveVC.swift */,
				0B2D89F223867FAD0006A6A6 /* BookingStatusMapVC.swift */,
			);
			path = unactive;
			sourceTree = "<group>";
		};
		0B509F7D237FF4A600AD7D44 = {
			isa = PBXGroup;
			children = (
				0B1BC6D523890A6D0020185F /* data */,
				0B6C57AC23813D5B00C73D58 /* lab */,
				0B509FB423800ACD00AD7D44 /* class */,
				0B509FB123800A1300AD7D44 /* ui */,
				0B509FA22380055A00AD7D44 /* extension */,
				0B509F9D2380026800AD7D44 /* README.md */,
				0B509F9F2380050400AD7D44 /* scene */,
				0B509F88237FF4A600AD7D44 /* boxbox */,
				0B509F87237FF4A600AD7D44 /* Products */,
				54CFA05D47DAAC66C83547AA /* Pods */,
				5B1C75D044ED9D7303668629 /* Frameworks */,
			);
			sourceTree = "<group>";
		};
		0B509F87237FF4A600AD7D44 /* Products */ = {
			isa = PBXGroup;
			children = (
				0B509F86237FF4A600AD7D44 /* boxbox.app */,
			);
			name = Products;
			sourceTree = "<group>";
		};
		0B509F88237FF4A600AD7D44 /* boxbox */ = {
			isa = PBXGroup;
			children = (
				0B509F89237FF4A600AD7D44 /* AppDelegate.swift */,
				0B509F8B237FF4A600AD7D44 /* SceneDelegate.swift */,
				0B509F8D237FF4A600AD7D44 /* ViewController.swift */,
				0B509F8F237FF4A600AD7D44 /* Main.storyboard */,
				0B509F92237FF4A700AD7D44 /* Assets.xcassets */,
				0B509F94237FF4A700AD7D44 /* LaunchScreen.storyboard */,
				0B509F97237FF4A700AD7D44 /* Info.plist */,
			);
			path = boxbox;
			sourceTree = "<group>";
		};
		0B509F9F2380050400AD7D44 /* scene */ = {
			isa = PBXGroup;
			children = (
				0B2D89EB23867EFF0006A6A6 /* unactive */,
				0B509FA9238007C300AD7D44 /* ActivityVC.swift */,
				0B2D89F42386801A0006A6A6 /* BookingDetail.swift */,
				0B2D89F62386804A0006A6A6 /* BookingFilterVC.swift */,
				0B2D89F8238680790006A6A6 /* BookingFilterResultVC.swift */,
				0B2D89FA238680AD0006A6A6 /* BookingFormCalendarVC.swift */,
				0B2D89FC238680D10006A6A6 /* BookingFormGuestVC.swift */,
				0B2D89FE238680FF0006A6A6 /* BookingFormVC.swift */,
				0B2D8A00238681370006A6A6 /* BookingStatusVC.swift */,
				0B6C57B6238165E000C73D58 /* BookingVC.swift */,
				0B509FA02380050F00AD7D44 /* HomeBottomNavigationBarController.swift */,
				0B509FAB238007D200AD7D44 /* ProfileVC.swift */,
				0B509FA5238007AF00AD7D44 /* ServiceVC.swift */,
				0B6C57B4238156B900C73D58 /* ServiceDetailVC.swift */,
			);
			path = scene;
			sourceTree = "<group>";
		};
		0B509FA22380055A00AD7D44 /* extension */ = {
			isa = PBXGroup;
			children = (
				0B509FA32380056300AD7D44 /* UIViewController+Extension.swift */,
				0B509FAD2380098000AD7D44 /* UICollectionView.swift */,
				0B509FAF238009E000AD7D44 /* UIScrollView+Extension.swift */,
				0B2D89E723867E850006A6A6 /* CGSize+Extension.swift */,
				0B2D89E923867EB00006A6A6 /* String+Extension.swift */,
			);
			path = extension;
			sourceTree = "<group>";
		};
		0B509FB123800A1300AD7D44 /* ui */ = {
			isa = PBXGroup;
			children = (
				0B509FB223800A1A00AD7D44 /* LoadingView.swift */,
				0B509FBC23800B7900AD7D44 /* UIConstant.swift */,
				0B509FBE23800B9600AD7D44 /* ListReusableView.swift */,
				0B509FC023800BA600AD7D44 /* ListViewCell.swift */,
				0B2D89E123867CD90006A6A6 /* ServiceViewCell.swift */,
				0B509FC223800BB500AD7D44 /* ShadowedView.swift */,
				0B2D89E323867D450006A6A6 /* UIFactory.swift */,
				0B2D89E523867D780006A6A6 /* CardView.swift */,
				0B6C57B22381420000C73D58 /* GuestDetailView.swift */,
			);
			path = ui;
			sourceTree = "<group>";
		};
		0B509FB423800ACD00AD7D44 /* class */ = {
			isa = PBXGroup;
			children = (
				0B2D89D1238678A50006A6A6 /* app */,
				0B2D89D2238678AF0006A6A6 /* alert */,
				0B509FB523800AE000AD7D44 /* mdc */,
				0B6C57AF23813EC700C73D58 /* ListDataSource.swift */,
				0B2D89DF23867BA60006A6A6 /* ViewApplicable.swift */,
			);
			path = class;
			sourceTree = "<group>";
		};
		0B509FB523800AE000AD7D44 /* mdc */ = {
			isa = PBXGroup;
			children = (
				0B509FB623800AE900AD7D44 /* UIResponder+MDC.swift */,
				0B2D89DD23867AF40006A6A6 /* MDCButton+Extension.swift */,
				0B509FB823800AFD00AD7D44 /* MDCTheme.swift */,
				0B509FBA23800B5A00AD7D44 /* MDCConstant.swift */,
			);
			path = mdc;
			sourceTree = "<group>";
		};
		0B6C57AC23813D5B00C73D58 /* lab */ = {
			isa = PBXGroup;
			children = (
				0B6C57AD23813D6D00C73D58 /* ListVC.swift */,
			);
			path = lab;
			sourceTree = "<group>";
		};
		54CFA05D47DAAC66C83547AA /* Pods */ = {
			isa = PBXGroup;
			children = (
				BC280B59B79A41D96A8C8349 /* Pods-boxbox.debug.xcconfig */,
				7A1CBCEEB6DA62FF5907CA75 /* Pods-boxbox.release.xcconfig */,
			);
			path = Pods;
			sourceTree = "<group>";
		};
		5B1C75D044ED9D7303668629 /* Frameworks */ = {
			isa = PBXGroup;
			children = (
				D3EADC77D0AFBED0DF344D08 /* Pods_boxbox.framework */,
			);
			name = Frameworks;
			sourceTree = "<group>";
		};
/* End PBXGroup section */

/* Begin PBXNativeTarget section */
		0B509F85237FF4A600AD7D44 /* boxbox */ = {
			isa = PBXNativeTarget;
			buildConfigurationList = 0B509F9A237FF4A700AD7D44 /* Build configuration list for PBXNativeTarget "boxbox" */;
			buildPhases = (
				39E1877D43CD2CC3CDF02218 /* [CP] Check Pods Manifest.lock */,
				0B509F82237FF4A600AD7D44 /* Sources */,
				0B509F83237FF4A600AD7D44 /* Frameworks */,
				0B509F84237FF4A600AD7D44 /* Resources */,
				6FA72FDD5519789B55D09A60 /* [CP] Embed Pods Frameworks */,
			);
			buildRules = (
			);
			dependencies = (
			);
			name = boxbox;
			productName = boxbox;
			productReference = 0B509F86237FF4A600AD7D44 /* boxbox.app */;
			productType = "com.apple.product-type.application";
		};
/* End PBXNativeTarget section */

/* Begin PBXProject section */
		0B509F7E237FF4A600AD7D44 /* Project object */ = {
			isa = PBXProject;
			attributes = {
				LastSwiftUpdateCheck = 1120;
				LastUpgradeCheck = 1120;
				ORGANIZATIONNAME = Silpakorn;
				TargetAttributes = {
					0B509F85237FF4A600AD7D44 = {
						CreatedOnToolsVersion = 11.2.1;
					};
				};
			};
			buildConfigurationList = 0B509F81237FF4A600AD7D44 /* Build configuration list for PBXProject "boxbox" */;
			compatibilityVersion = "Xcode 9.3";
			developmentRegion = en;
			hasScannedForEncodings = 0;
			knownRegions = (
				en,
				Base,
			);
			mainGroup = 0B509F7D237FF4A600AD7D44;
			productRefGroup = 0B509F87237FF4A600AD7D44 /* Products */;
			projectDirPath = "";
			projectRoot = "";
			targets = (
				0B509F85237FF4A600AD7D44 /* boxbox */,
			);
		};
/* End PBXProject section */

/* Begin PBXResourcesBuildPhase section */
		0B509F84237FF4A600AD7D44 /* Resources */ = {
			isa = PBXResourcesBuildPhase;
			buildActionMask = 2147483647;
			files = (
				0B509F96237FF4A700AD7D44 /* LaunchScreen.storyboard in Resources */,
				0B509F93237FF4A700AD7D44 /* Assets.xcassets in Resources */,
				0B509F9E2380026800AD7D44 /* README.md in Resources */,
				0B509F91237FF4A600AD7D44 /* Main.storyboard in Resources */,
			);
			runOnlyForDeploymentPostprocessing = 0;
		};
/* End PBXResourcesBuildPhase section */

/* Begin PBXShellScriptBuildPhase section */
		39E1877D43CD2CC3CDF02218 /* [CP] Check Pods Manifest.lock */ = {
			isa = PBXShellScriptBuildPhase;
			buildActionMask = 2147483647;
			files = (
			);
			inputFileListPaths = (
			);
			inputPaths = (
				"${PODS_PODFILE_DIR_PATH}/Podfile.lock",
				"${PODS_ROOT}/Manifest.lock",
			);
			name = "[CP] Check Pods Manifest.lock";
			outputFileListPaths = (
			);
			outputPaths = (
				"$(DERIVED_FILE_DIR)/Pods-boxbox-checkManifestLockResult.txt",
			);
			runOnlyForDeploymentPostprocessing = 0;
			shellPath = /bin/sh;
			shellScript = "diff \"${PODS_PODFILE_DIR_PATH}/Podfile.lock\" \"${PODS_ROOT}/Manifest.lock\" > /dev/null\nif [ $? != 0 ] ; then\n    # print error to STDERR\n    echo \"error: The sandbox is not in sync with the Podfile.lock. Run 'pod install' or update your CocoaPods installation.\" >&2\n    exit 1\nfi\n# This output is used by Xcode 'outputs' to avoid re-running this script phase.\necho \"SUCCESS\" > \"${SCRIPT_OUTPUT_FILE_0}\"\n";
			showEnvVarsInLog = 0;
		};
		6FA72FDD5519789B55D09A60 /* [CP] Embed Pods Frameworks */ = {
			isa = PBXShellScriptBuildPhase;
			buildActionMask = 2147483647;
			files = (
			);
			inputFileListPaths = (
				"${PODS_ROOT}/Target Support Files/Pods-boxbox/Pods-boxbox-frameworks-${CONFIGURATION}-input-files.xcfilelist",
			);
			name = "[CP] Embed Pods Frameworks";
			outputFileListPaths = (
				"${PODS_ROOT}/Target Support Files/Pods-boxbox/Pods-boxbox-frameworks-${CONFIGURATION}-output-files.xcfilelist",
			);
			runOnlyForDeploymentPostprocessing = 0;
			shellPath = /bin/sh;
			shellScript = "\"${PODS_ROOT}/Target Support Files/Pods-boxbox/Pods-boxbox-frameworks.sh\"\n";
			showEnvVarsInLog = 0;
		};
/* End PBXShellScriptBuildPhase section */

/* Begin PBXSourcesBuildPhase section */
		0B509F82237FF4A600AD7D44 /* Sources */ = {
			isa = PBXSourcesBuildPhase;
			buildActionMask = 2147483647;
			files = (
				0B509FAE2380098100AD7D44 /* UICollectionView.swift in Sources */,
				0B2D89F52386801A0006A6A6 /* BookingDetail.swift in Sources */,
				0B509FBB23800B5A00AD7D44 /* MDCConstant.swift in Sources */,
				0B6C57B023813EC700C73D58 /* ListDataSource.swift in Sources */,
				0B509FC123800BA600AD7D44 /* ListViewCell.swift in Sources */,
				0B2D89D8238679F00006A6A6 /* MDCAlertDelegate.swift in Sources */,
				0B6C57B32381420000C73D58 /* GuestDetailView.swift in Sources */,
				0B509F8E237FF4A600AD7D44 /* ViewController.swift in Sources */,
				0B2D89F9238680790006A6A6 /* BookingFilterResultVC.swift in Sources */,
				0B2D89ED23867F270006A6A6 /* BookingSummaryVC.swift in Sources */,
				0B509FBD23800B7900AD7D44 /* UIConstant.swift in Sources */,
				0B2D89D6238679AE0006A6A6 /* AlertDelegate.swift in Sources */,
				0B509FAA238007C300AD7D44 /* ActivityVC.swift in Sources */,
				0B509FA12380050F00AD7D44 /* HomeBottomNavigationBarController.swift in Sources */,
				0B2D89E823867E850006A6A6 /* CGSize+Extension.swift in Sources */,
				0B2D89E023867BA60006A6A6 /* ViewApplicable.swift in Sources */,
				0B6C57B5238156B900C73D58 /* ServiceDetailVC.swift in Sources */,
				0B1BC6D723890AB00020185F /* Api+Response.swift in Sources */,
				0B2D89F323867FAD0006A6A6 /* BookingStatusMapVC.swift in Sources */,
				0B509FB0238009E000AD7D44 /* UIScrollView+Extension.swift in Sources */,
				0B509FB323800A1A00AD7D44 /* LoadingView.swift in Sources */,
				0B509FAC238007D200AD7D44 /* ProfileVC.swift in Sources */,
				0B6C57AE23813D6D00C73D58 /* ListVC.swift in Sources */,
				0B2D89DA23867A410006A6A6 /* MDCSnackbarMessageDelegate.swift in Sources */,
				0B6C57B123813FA800C73D58 /* ServiceVC.swift in Sources */,
				0B2D89F123867F7D0006A6A6 /* BookingStatusLiveVC.swift in Sources */,
				0B509FB723800AE900AD7D44 /* UIResponder+MDC.swift in Sources */,
				0B509FC323800BB500AD7D44 /* ShadowedView.swift in Sources */,
				0B2D89D4238678E30006A6A6 /* AppError.swift in Sources */,
				0B2D89FF238680FF0006A6A6 /* BookingFormVC.swift in Sources */,
				0B2D89DC23867A7D0006A6A6 /* ActionSheetDelegate.swift in Sources */,
				0B2D89DE23867AF40006A6A6 /* MDCButton+Extension.swift in Sources */,
				0B509F8A237FF4A600AD7D44 /* AppDelegate.swift in Sources */,
				0B2D89E423867D450006A6A6 /* UIFactory.swift in Sources */,
				0B2D89F72386804A0006A6A6 /* BookingFilterVC.swift in Sources */,
				0B2D89FB238680AD0006A6A6 /* BookingFormCalendarVC.swift in Sources */,
				0B2D89EA23867EB00006A6A6 /* String+Extension.swift in Sources */,
				0B2D8A01238681370006A6A6 /* BookingStatusVC.swift in Sources */,
				0B509FBF23800B9600AD7D44 /* ListReusableView.swift in Sources */,
				0B2D89EF23867F520006A6A6 /* BookingResultVC.swift in Sources */,
				0B6C57B7238165E000C73D58 /* BookingVC.swift in Sources */,
				0B2D89E223867CD90006A6A6 /* ServiceViewCell.swift in Sources */,
				0B509FA42380056300AD7D44 /* UIViewController+Extension.swift in Sources */,
				0B509FB923800AFD00AD7D44 /* MDCTheme.swift in Sources */,
				0B2D89E623867D780006A6A6 /* CardView.swift in Sources */,
				0B2D89FD238680D10006A6A6 /* BookingFormGuestVC.swift in Sources */,
				0B509F8C237FF4A600AD7D44 /* SceneDelegate.swift in Sources */,
			);
			runOnlyForDeploymentPostprocessing = 0;
		};
/* End PBXSourcesBuildPhase section */

/* Begin PBXVariantGroup section */
		0B509F8F237FF4A600AD7D44 /* Main.storyboard */ = {
			isa = PBXVariantGroup;
			children = (
				0B509F90237FF4A600AD7D44 /* Base */,
			);
			name = Main.storyboard;
			sourceTree = "<group>";
		};
		0B509F94237FF4A700AD7D44 /* LaunchScreen.storyboard */ = {
			isa = PBXVariantGroup;
			children = (
				0B509F95237FF4A700AD7D44 /* Base */,
			);
			name = LaunchScreen.storyboard;
			sourceTree = "<group>";
		};
/* End PBXVariantGroup section */

/* Begin XCBuildConfiguration section */
		0B509F98237FF4A700AD7D44 /* Debug */ = {
			isa = XCBuildConfiguration;
			buildSettings = {
				ALWAYS_SEARCH_USER_PATHS = NO;
				CLANG_ANALYZER_NONNULL = YES;
				CLANG_ANALYZER_NUMBER_OBJECT_CONVERSION = YES_AGGRESSIVE;
				CLANG_CXX_LANGUAGE_STANDARD = "gnu++14";
				CLANG_CXX_LIBRARY = "libc++";
				CLANG_ENABLE_MODULES = YES;
				CLANG_ENABLE_OBJC_ARC = YES;
				CLANG_ENABLE_OBJC_WEAK = YES;
				CLANG_WARN_BLOCK_CAPTURE_AUTORELEASING = YES;
				CLANG_WARN_BOOL_CONVERSION = YES;
				CLANG_WARN_COMMA = YES;
				CLANG_WARN_CONSTANT_CONVERSION = YES;
				CLANG_WARN_DEPRECATED_OBJC_IMPLEMENTATIONS = YES;
				CLANG_WARN_DIRECT_OBJC_ISA_USAGE = YES_ERROR;
				CLANG_WARN_DOCUMENTATION_COMMENTS = YES;
				CLANG_WARN_EMPTY_BODY = YES;
				CLANG_WARN_ENUM_CONVERSION = YES;
				CLANG_WARN_INFINITE_RECURSION = YES;
				CLANG_WARN_INT_CONVERSION = YES;
				CLANG_WARN_NON_LITERAL_NULL_CONVERSION = YES;
				CLANG_WARN_OBJC_IMPLICIT_RETAIN_SELF = YES;
				CLANG_WARN_OBJC_LITERAL_CONVERSION = YES;
				CLANG_WARN_OBJC_ROOT_CLASS = YES_ERROR;
				CLANG_WARN_RANGE_LOOP_ANALYSIS = YES;
				CLANG_WARN_STRICT_PROTOTYPES = YES;
				CLANG_WARN_SUSPICIOUS_MOVE = YES;
				CLANG_WARN_UNGUARDED_AVAILABILITY = YES_AGGRESSIVE;
				CLANG_WARN_UNREACHABLE_CODE = YES;
				CLANG_WARN__DUPLICATE_METHOD_MATCH = YES;
				COPY_PHASE_STRIP = NO;
				DEBUG_INFORMATION_FORMAT = dwarf;
				ENABLE_STRICT_OBJC_MSGSEND = YES;
				ENABLE_TESTABILITY = YES;
				GCC_C_LANGUAGE_STANDARD = gnu11;
				GCC_DYNAMIC_NO_PIC = NO;
				GCC_NO_COMMON_BLOCKS = YES;
				GCC_OPTIMIZATION_LEVEL = 0;
				GCC_PREPROCESSOR_DEFINITIONS = (
					"DEBUG=1",
					"$(inherited)",
				);
				GCC_WARN_64_TO_32_BIT_CONVERSION = YES;
				GCC_WARN_ABOUT_RETURN_TYPE = YES_ERROR;
				GCC_WARN_UNDECLARED_SELECTOR = YES;
				GCC_WARN_UNINITIALIZED_AUTOS = YES_AGGRESSIVE;
				GCC_WARN_UNUSED_FUNCTION = YES;
				GCC_WARN_UNUSED_VARIABLE = YES;
				IPHONEOS_DEPLOYMENT_TARGET = 13.2;
				MTL_ENABLE_DEBUG_INFO = INCLUDE_SOURCE;
				MTL_FAST_MATH = YES;
				ONLY_ACTIVE_ARCH = YES;
				SDKROOT = iphoneos;
				SWIFT_ACTIVE_COMPILATION_CONDITIONS = DEBUG;
				SWIFT_OPTIMIZATION_LEVEL = "-Onone";
			};
			name = Debug;
		};
		0B509F99237FF4A700AD7D44 /* Release */ = {
			isa = XCBuildConfiguration;
			buildSettings = {
				ALWAYS_SEARCH_USER_PATHS = NO;
				CLANG_ANALYZER_NONNULL = YES;
				CLANG_ANALYZER_NUMBER_OBJECT_CONVERSION = YES_AGGRESSIVE;
				CLANG_CXX_LANGUAGE_STANDARD = "gnu++14";
				CLANG_CXX_LIBRARY = "libc++";
				CLANG_ENABLE_MODULES = YES;
				CLANG_ENABLE_OBJC_ARC = YES;
				CLANG_ENABLE_OBJC_WEAK = YES;
				CLANG_WARN_BLOCK_CAPTURE_AUTORELEASING = YES;
				CLANG_WARN_BOOL_CONVERSION = YES;
				CLANG_WARN_COMMA = YES;
				CLANG_WARN_CONSTANT_CONVERSION = YES;
				CLANG_WARN_DEPRECATED_OBJC_IMPLEMENTATIONS = YES;
				CLANG_WARN_DIRECT_OBJC_ISA_USAGE = YES_ERROR;
				CLANG_WARN_DOCUMENTATION_COMMENTS = YES;
				CLANG_WARN_EMPTY_BODY = YES;
				CLANG_WARN_ENUM_CONVERSION = YES;
				CLANG_WARN_INFINITE_RECURSION = YES;
				CLANG_WARN_INT_CONVERSION = YES;
				CLANG_WARN_NON_LITERAL_NULL_CONVERSION = YES;
				CLANG_WARN_OBJC_IMPLICIT_RETAIN_SELF = YES;
				CLANG_WARN_OBJC_LITERAL_CONVERSION = YES;
				CLANG_WARN_OBJC_ROOT_CLASS = YES_ERROR;
				CLANG_WARN_RANGE_LOOP_ANALYSIS = YES;
				CLANG_WARN_STRICT_PROTOTYPES = YES;
				CLANG_WARN_SUSPICIOUS_MOVE = YES;
				CLANG_WARN_UNGUARDED_AVAILABILITY = YES_AGGRESSIVE;
				CLANG_WARN_UNREACHABLE_CODE = YES;
				CLANG_WARN__DUPLICATE_METHOD_MATCH = YES;
				COPY_PHASE_STRIP = NO;
				DEBUG_INFORMATION_FORMAT = "dwarf-with-dsym";
				ENABLE_NS_ASSERTIONS = NO;
				ENABLE_STRICT_OBJC_MSGSEND = YES;
				GCC_C_LANGUAGE_STANDARD = gnu11;
				GCC_NO_COMMON_BLOCKS = YES;
				GCC_WARN_64_TO_32_BIT_CONVERSION = YES;
				GCC_WARN_ABOUT_RETURN_TYPE = YES_ERROR;
				GCC_WARN_UNDECLARED_SELECTOR = YES;
				GCC_WARN_UNINITIALIZED_AUTOS = YES_AGGRESSIVE;
				GCC_WARN_UNUSED_FUNCTION = YES;
				GCC_WARN_UNUSED_VARIABLE = YES;
				IPHONEOS_DEPLOYMENT_TARGET = 13.2;
				MTL_ENABLE_DEBUG_INFO = NO;
				MTL_FAST_MATH = YES;
				SDKROOT = iphoneos;
				SWIFT_COMPILATION_MODE = wholemodule;
				SWIFT_OPTIMIZATION_LEVEL = "-O";
				VALIDATE_PRODUCT = YES;
			};
			name = Release;
		};
		0B509F9B237FF4A700AD7D44 /* Debug */ = {
			isa = XCBuildConfiguration;
			baseConfigurationReference = BC280B59B79A41D96A8C8349 /* Pods-boxbox.debug.xcconfig */;
			buildSettings = {
				ASSETCATALOG_COMPILER_APPICON_NAME = AppIcon;
				CODE_SIGN_STYLE = Automatic;
				INFOPLIST_FILE = boxbox/Info.plist;
				IPHONEOS_DEPLOYMENT_TARGET = 13.0;
				LD_RUNPATH_SEARCH_PATHS = (
					"$(inherited)",
					"@executable_path/Frameworks",
				);
				PRODUCT_BUNDLE_IDENTIFIER = silpakorn.boxbox;
				PRODUCT_NAME = "$(TARGET_NAME)";
				SWIFT_VERSION = 5.0;
				TARGETED_DEVICE_FAMILY = 1;
			};
			name = Debug;
		};
		0B509F9C237FF4A700AD7D44 /* Release */ = {
			isa = XCBuildConfiguration;
			baseConfigurationReference = 7A1CBCEEB6DA62FF5907CA75 /* Pods-boxbox.release.xcconfig */;
			buildSettings = {
				ASSETCATALOG_COMPILER_APPICON_NAME = AppIcon;
				CODE_SIGN_STYLE = Automatic;
				INFOPLIST_FILE = boxbox/Info.plist;
				IPHONEOS_DEPLOYMENT_TARGET = 13.0;
				LD_RUNPATH_SEARCH_PATHS = (
					"$(inherited)",
					"@executable_path/Frameworks",
				);
				PRODUCT_BUNDLE_IDENTIFIER = silpakorn.boxbox;
				PRODUCT_NAME = "$(TARGET_NAME)";
				SWIFT_VERSION = 5.0;
				TARGETED_DEVICE_FAMILY = 1;
			};
			name = Release;
		};
/* End XCBuildConfiguration section */

/* Begin XCConfigurationList section */
		0B509F81237FF4A600AD7D44 /* Build configuration list for PBXProject "boxbox" */ = {
			isa = XCConfigurationList;
			buildConfigurations = (
				0B509F98237FF4A700AD7D44 /* Debug */,
				0B509F99237FF4A700AD7D44 /* Release */,
			);
			defaultConfigurationIsVisible = 0;
			defaultConfigurationName = Release;
		};
		0B509F9A237FF4A700AD7D44 /* Build configuration list for PBXNativeTarget "boxbox" */ = {
			isa = XCConfigurationList;
			buildConfigurations = (
				0B509F9B237FF4A700AD7D44 /* Debug */,
				0B509F9C237FF4A700AD7D44 /* Release */,
			);
			defaultConfigurationIsVisible = 0;
			defaultConfigurationName = Release;
		};
/* End XCConfigurationList section */
	};
	rootObject = 0B509F7E237FF4A600AD7D44 /* Project object */;
}
